
Microsoft Visual Studio Solution File, Format Version 12.00
# Visual Studio Version 17
VisualStudioVersion = 17.9.34616.47
MinimumVisualStudioVersion = 10.0.40219.1
Project("{9A19103F-16F7-4668-BE54-9A1E7A4F7556}") = "logictis", "logictis\logictis.csproj", "{7B6BC98C-CC72-41BB-9AFA-3EF13BB3F24C}"
EndProject
Global
	GlobalSection(SolutionConfigurationPlatforms) = preSolution
		Debug|Any CPU = Debug|Any CPU
		Release|Any CPU = Release|Any CPU
	EndGlobalSection
	GlobalSection(ProjectConfigurationPlatforms) = postSolution
		{7B6BC98C-CC72-41BB-9AFA-3EF13BB3F24C}.Debug|Any CPU.ActiveCfg = Debug|Any CPU
		{7B6BC98C-CC72-41BB-9AFA-3EF13BB3F24C}.Debug|Any CPU.Build.0 = Debug|Any CPU
		{7B6BC98C-CC72-41BB-9AFA-3EF13BB3F24C}.Release|Any CPU.ActiveCfg = Release|Any CPU
		{7B6BC98C-CC72-41BB-9AFA-3EF13BB3F24C}.Release|Any CPU.Build.0 = Release|Any CPU
	EndGlobalSection
	GlobalSection(SolutionProperties) = preSolution
		HideSolutionNode = FALSE
	EndGlobalSection
	GlobalSection(ExtensibilityGlobals) = postSolution
		SolutionGuid = {573A158E-D5C8-4750-ACE0-3EA3A47BDB59}
	EndGlobalSection
EndGlobal
